// !$*UTF8*$!
{
	archiveVersion = 1;
	classes = {
	};
	objectVersion = 51;
	objects = {

/* Begin PBXBuildFile section */
		1F0293A32719D69300F739AC /* LoginViewController.swift in Sources */ = {isa = PBXBuildFile; fileRef = 1F0293A22719D69300F739AC /* LoginViewController.swift */; };
		1F0293A5271B100F00F739AC /* SetupProfileViewController.swift in Sources */ = {isa = PBXBuildFile; fileRef = 1F0293A4271B100F00F739AC /* SetupProfileViewController.swift */; };
		1F0293A7271B15E500F739AC /* AddPhotoView.swift in Sources */ = {isa = PBXBuildFile; fileRef = 1F0293A6271B15E500F739AC /* AddPhotoView.swift */; };
		1F9D57D1272569780063B557 /* AuthService.swift in Sources */ = {isa = PBXBuildFile; fileRef = 1F9D57D0272569780063B557 /* AuthService.swift */; };
		1F9D57D327257A8A0063B557 /* Validators.swift in Sources */ = {isa = PBXBuildFile; fileRef = 1F9D57D227257A8A0063B557 /* Validators.swift */; };
		1F9D57D5272581FE0063B557 /* AuthError.swift in Sources */ = {isa = PBXBuildFile; fileRef = 1F9D57D4272581FE0063B557 /* AuthError.swift */; };
		1F9D57D82725A0550063B557 /* AuthNavigatingDelegate.swift in Sources */ = {isa = PBXBuildFile; fileRef = 1F9D57D72725A0550063B557 /* AuthNavigatingDelegate.swift */; };
		1F9E2986271B377400EC0AE8 /* UISegmentedControll + Extension.swift in Sources */ = {isa = PBXBuildFile; fileRef = 1F9E2985271B377400EC0AE8 /* UISegmentedControll + Extension.swift */; };
		1F9E2988271C8DD900EC0AE8 /* ListViewController.swift in Sources */ = {isa = PBXBuildFile; fileRef = 1F9E2987271C8DD900EC0AE8 /* ListViewController.swift */; };
		1FB504852731399B00716250 /* ListenerService.swift in Sources */ = {isa = PBXBuildFile; fileRef = 1FB504842731399B00716250 /* ListenerService.swift */; };
		1FB5048727318BA400716250 /* MMessage.swift in Sources */ = {isa = PBXBuildFile; fileRef = 1FB5048627318BA400716250 /* MMessage.swift */; };
		1FCE9594271823CB00C8EF07 /* AppDelegate.swift in Sources */ = {isa = PBXBuildFile; fileRef = 1FCE9593271823CB00C8EF07 /* AppDelegate.swift */; };
		1FCE9596271823CB00C8EF07 /* SceneDelegate.swift in Sources */ = {isa = PBXBuildFile; fileRef = 1FCE9595271823CB00C8EF07 /* SceneDelegate.swift */; };
		1FCE9598271823CB00C8EF07 /* AuthViewController.swift in Sources */ = {isa = PBXBuildFile; fileRef = 1FCE9597271823CB00C8EF07 /* AuthViewController.swift */; };
		1FCE959D271823D000C8EF07 /* Assets.xcassets in Resources */ = {isa = PBXBuildFile; fileRef = 1FCE959C271823D000C8EF07 /* Assets.xcassets */; };
		1FCE95A0271823D000C8EF07 /* LaunchScreen.storyboard in Resources */ = {isa = PBXBuildFile; fileRef = 1FCE959E271823D000C8EF07 /* LaunchScreen.storyboard */; };
		1FCE95A82718525200C8EF07 /* UIButton + Extention.swift in Sources */ = {isa = PBXBuildFile; fileRef = 1FCE95A72718525200C8EF07 /* UIButton + Extention.swift */; };
		1FCE95AA2718571600C8EF07 /* UIFont + extension.swift in Sources */ = {isa = PBXBuildFile; fileRef = 1FCE95A92718571600C8EF07 /* UIFont + extension.swift */; };
		1FCE95AC271858CE00C8EF07 /* UIColor + Extension.swift in Sources */ = {isa = PBXBuildFile; fileRef = 1FCE95AB271858CE00C8EF07 /* UIColor + Extension.swift */; };
		1FCE95AE27185C4100C8EF07 /* UILabel + Extension.swift in Sources */ = {isa = PBXBuildFile; fileRef = 1FCE95AD27185C4100C8EF07 /* UILabel + Extension.swift */; };
		1FCE95B127185E9D00C8EF07 /* UIImageView + Extension.swift in Sources */ = {isa = PBXBuildFile; fileRef = 1FCE95B027185E9D00C8EF07 /* UIImageView + Extension.swift */; };
		1FCE95B5271869CA00C8EF07 /* ButtonFormView.swift in Sources */ = {isa = PBXBuildFile; fileRef = 1FCE95B4271869CA00C8EF07 /* ButtonFormView.swift */; };
		1FCE95B7271872D600C8EF07 /* UIStackView + Extension.swift in Sources */ = {isa = PBXBuildFile; fileRef = 1FCE95B6271872D600C8EF07 /* UIStackView + Extension.swift */; };
		1FCE95B92718A9B800C8EF07 /* SignUpViewController.swift in Sources */ = {isa = PBXBuildFile; fileRef = 1FCE95B82718A9B800C8EF07 /* SignUpViewController.swift */; };
		1FCE95BB2718B2A500C8EF07 /* OneLineTextField.swift in Sources */ = {isa = PBXBuildFile; fileRef = 1FCE95BA2718B2A500C8EF07 /* OneLineTextField.swift */; };
		1FD781DF271ECB5800C7C78C /* MainTabBarController.swift in Sources */ = {isa = PBXBuildFile; fileRef = 1FD781DE271ECB5800C7C78C /* MainTabBarController.swift */; };
		1FD781E1271ECC7000C7C78C /* PeopleViewController.swift in Sources */ = {isa = PBXBuildFile; fileRef = 1FD781E0271ECC7000C7C78C /* PeopleViewController.swift */; };
		1FD781E327204D3300C7C78C /* activeChats.json in Resources */ = {isa = PBXBuildFile; fileRef = 1FD781E227204D3300C7C78C /* activeChats.json */; };
		1FD781E527204D4900C7C78C /* waitingChats.json in Resources */ = {isa = PBXBuildFile; fileRef = 1FD781E427204D4900C7C78C /* waitingChats.json */; };
		1FD781E727204DCE00C7C78C /* Bundle-Decodable.swift in Sources */ = {isa = PBXBuildFile; fileRef = 1FD781E627204DCE00C7C78C /* Bundle-Decodable.swift */; };
		1FD781EA27205C1D00C7C78C /* ActiveChatCell.swift in Sources */ = {isa = PBXBuildFile; fileRef = 1FD781E927205C1D00C7C78C /* ActiveChatCell.swift */; };
		1FD781EC2720771200C7C78C /* GradientView.swift in Sources */ = {isa = PBXBuildFile; fileRef = 1FD781EB2720771200C7C78C /* GradientView.swift */; };
		1FD781EE27207BD200C7C78C /* WaitingChatCell.swift in Sources */ = {isa = PBXBuildFile; fileRef = 1FD781ED27207BD200C7C78C /* WaitingChatCell.swift */; };
		1FD781F127207E8600C7C78C /* SelfConfiguringCell.swift in Sources */ = {isa = PBXBuildFile; fileRef = 1FD781F027207E8600C7C78C /* SelfConfiguringCell.swift */; };
		1FD781F327209D1F00C7C78C /* SectionHeader.swift in Sources */ = {isa = PBXBuildFile; fileRef = 1FD781F227209D1F00C7C78C /* SectionHeader.swift */; };
		1FD781F527217C0700C7C78C /* users.json in Resources */ = {isa = PBXBuildFile; fileRef = 1FD781F427217C0700C7C78C /* users.json */; };
		1FD781FA27219A9800C7C78C /* MChat.swift in Sources */ = {isa = PBXBuildFile; fileRef = 1FD781F927219A9800C7C78C /* MChat.swift */; };
		1FD781FC27219AD600C7C78C /* MUser.swift in Sources */ = {isa = PBXBuildFile; fileRef = 1FD781FB27219AD600C7C78C /* MUser.swift */; };
		1FD781FF2721B65100C7C78C /* UserCell.swift in Sources */ = {isa = PBXBuildFile; fileRef = 1FD781FE2721B65100C7C78C /* UserCell.swift */; };
		1FD782012721B99200C7C78C /* UIViewController + Extension.swift in Sources */ = {isa = PBXBuildFile; fileRef = 1FD782002721B99200C7C78C /* UIViewController + Extension.swift */; };
		1FD782032722DE9600C7C78C /* ProfileViewController.swift in Sources */ = {isa = PBXBuildFile; fileRef = 1FD782022722DE9600C7C78C /* ProfileViewController.swift */; };
		1FD782052722E91B00C7C78C /* InsertableTextField.swift in Sources */ = {isa = PBXBuildFile; fileRef = 1FD782042722E91B00C7C78C /* InsertableTextField.swift */; };
		1FD782092722FD9C00C7C78C /* UIView + Extensions.swift in Sources */ = {isa = PBXBuildFile; fileRef = 1FD782082722FD9C00C7C78C /* UIView + Extensions.swift */; };
		1FD7820B27230E1300C7C78C /* ChatRequestViewController.swift in Sources */ = {isa = PBXBuildFile; fileRef = 1FD7820A27230E1300C7C78C /* ChatRequestViewController.swift */; };
		1FD7820D272467DE00C7C78C /* GoogleService-Info.plist in Resources */ = {isa = PBXBuildFile; fileRef = 1FD7820C272467DE00C7C78C /* GoogleService-Info.plist */; };
		1FFE5DF82726F162009E6C9F /* FireStoreService.swift in Sources */ = {isa = PBXBuildFile; fileRef = 1FFE5DF72726F162009E6C9F /* FireStoreService.swift */; };
		1FFE5DFA2726F46E009E6C9F /* UserError.swift in Sources */ = {isa = PBXBuildFile; fileRef = 1FFE5DF92726F46E009E6C9F /* UserError.swift */; };
		1FFE5DFC272C5C63009E6C9F /* UIApplication + Extension.swift in Sources */ = {isa = PBXBuildFile; fileRef = 1FFE5DFB272C5C63009E6C9F /* UIApplication + Extension.swift */; };
		1FFE5DFE27303997009E6C9F /* StorageService.swift in Sources */ = {isa = PBXBuildFile; fileRef = 1FFE5DFD27303997009E6C9F /* StorageService.swift */; };
		1FFE5E0027303EFF009E6C9F /* UIImage + extrnsion.swift in Sources */ = {isa = PBXBuildFile; fileRef = 1FFE5DFF27303EFF009E6C9F /* UIImage + extrnsion.swift */; };
		8172263035FE2540AC0E3DF8 /* Pods_driverMessages.framework in Frameworks */ = {isa = PBXBuildFile; fileRef = 6059CC09C17CDF2F37E48217 /* Pods_driverMessages.framework */; };
/* End PBXBuildFile section */

/* Begin PBXFileReference section */
		1F0293A22719D69300F739AC /* LoginViewController.swift */ = {isa = PBXFileReference; lastKnownFileType = sourcecode.swift; path = LoginViewController.swift; sourceTree = "<group>"; };
		1F0293A4271B100F00F739AC /* SetupProfileViewController.swift */ = {isa = PBXFileReference; lastKnownFileType = sourcecode.swift; path = SetupProfileViewController.swift; sourceTree = "<group>"; };
		1F0293A6271B15E500F739AC /* AddPhotoView.swift */ = {isa = PBXFileReference; lastKnownFileType = sourcecode.swift; path = AddPhotoView.swift; sourceTree = "<group>"; };
		1F78C912A0EEC4ADE8AF5016 /* Pods-driverMessages.release.xcconfig */ = {isa = PBXFileReference; includeInIndex = 1; lastKnownFileType = text.xcconfig; name = "Pods-driverMessages.release.xcconfig"; path = "Target Support Files/Pods-driverMessages/Pods-driverMessages.release.xcconfig"; sourceTree = "<group>"; };
		1F9D57D0272569780063B557 /* AuthService.swift */ = {isa = PBXFileReference; lastKnownFileType = sourcecode.swift; path = AuthService.swift; sourceTree = "<group>"; };
		1F9D57D227257A8A0063B557 /* Validators.swift */ = {isa = PBXFileReference; lastKnownFileType = sourcecode.swift; path = Validators.swift; sourceTree = "<group>"; };
		1F9D57D4272581FE0063B557 /* AuthError.swift */ = {isa = PBXFileReference; lastKnownFileType = sourcecode.swift; path = AuthError.swift; sourceTree = "<group>"; };
		1F9D57D72725A0550063B557 /* AuthNavigatingDelegate.swift */ = {isa = PBXFileReference; lastKnownFileType = sourcecode.swift; path = AuthNavigatingDelegate.swift; sourceTree = "<group>"; };
		1F9E2985271B377400EC0AE8 /* UISegmentedControll + Extension.swift */ = {isa = PBXFileReference; lastKnownFileType = sourcecode.swift; path = "UISegmentedControll + Extension.swift"; sourceTree = "<group>"; };
		1F9E2987271C8DD900EC0AE8 /* ListViewController.swift */ = {isa = PBXFileReference; lastKnownFileType = sourcecode.swift; path = ListViewController.swift; sourceTree = "<group>"; };
		1FB504842731399B00716250 /* ListenerService.swift */ = {isa = PBXFileReference; lastKnownFileType = sourcecode.swift; path = ListenerService.swift; sourceTree = "<group>"; };
		1FB5048627318BA400716250 /* MMessage.swift */ = {isa = PBXFileReference; lastKnownFileType = sourcecode.swift; path = MMessage.swift; sourceTree = "<group>"; };
		1FCE9590271823CB00C8EF07 /* driverMessages.app */ = {isa = PBXFileReference; explicitFileType = wrapper.application; includeInIndex = 0; path = driverMessages.app; sourceTree = BUILT_PRODUCTS_DIR; };
		1FCE9593271823CB00C8EF07 /* AppDelegate.swift */ = {isa = PBXFileReference; lastKnownFileType = sourcecode.swift; path = AppDelegate.swift; sourceTree = "<group>"; };
		1FCE9595271823CB00C8EF07 /* SceneDelegate.swift */ = {isa = PBXFileReference; lastKnownFileType = sourcecode.swift; path = SceneDelegate.swift; sourceTree = "<group>"; };
		1FCE9597271823CB00C8EF07 /* AuthViewController.swift */ = {isa = PBXFileReference; lastKnownFileType = sourcecode.swift; path = AuthViewController.swift; sourceTree = "<group>"; };
		1FCE959C271823D000C8EF07 /* Assets.xcassets */ = {isa = PBXFileReference; lastKnownFileType = folder.assetcatalog; path = Assets.xcassets; sourceTree = "<group>"; };
		1FCE959F271823D000C8EF07 /* Base */ = {isa = PBXFileReference; lastKnownFileType = file.storyboard; name = Base; path = Base.lproj/LaunchScreen.storyboard; sourceTree = "<group>"; };
		1FCE95A1271823D000C8EF07 /* Info.plist */ = {isa = PBXFileReference; lastKnownFileType = text.plist.xml; path = Info.plist; sourceTree = "<group>"; };
		1FCE95A72718525200C8EF07 /* UIButton + Extention.swift */ = {isa = PBXFileReference; lastKnownFileType = sourcecode.swift; path = "UIButton + Extention.swift"; sourceTree = "<group>"; };
		1FCE95A92718571600C8EF07 /* UIFont + extension.swift */ = {isa = PBXFileReference; lastKnownFileType = sourcecode.swift; path = "UIFont + extension.swift"; sourceTree = "<group>"; };
		1FCE95AB271858CE00C8EF07 /* UIColor + Extension.swift */ = {isa = PBXFileReference; lastKnownFileType = sourcecode.swift; path = "UIColor + Extension.swift"; sourceTree = "<group>"; };
		1FCE95AD27185C4100C8EF07 /* UILabel + Extension.swift */ = {isa = PBXFileReference; lastKnownFileType = sourcecode.swift; path = "UILabel + Extension.swift"; sourceTree = "<group>"; };
		1FCE95B027185E9D00C8EF07 /* UIImageView + Extension.swift */ = {isa = PBXFileReference; lastKnownFileType = sourcecode.swift; path = "UIImageView + Extension.swift"; sourceTree = "<group>"; };
		1FCE95B4271869CA00C8EF07 /* ButtonFormView.swift */ = {isa = PBXFileReference; lastKnownFileType = sourcecode.swift; path = ButtonFormView.swift; sourceTree = "<group>"; };
		1FCE95B6271872D600C8EF07 /* UIStackView + Extension.swift */ = {isa = PBXFileReference; lastKnownFileType = sourcecode.swift; path = "UIStackView + Extension.swift"; sourceTree = "<group>"; };
		1FCE95B82718A9B800C8EF07 /* SignUpViewController.swift */ = {isa = PBXFileReference; lastKnownFileType = sourcecode.swift; path = SignUpViewController.swift; sourceTree = "<group>"; };
		1FCE95BA2718B2A500C8EF07 /* OneLineTextField.swift */ = {isa = PBXFileReference; lastKnownFileType = sourcecode.swift; path = OneLineTextField.swift; sourceTree = "<group>"; };
		1FD781DE271ECB5800C7C78C /* MainTabBarController.swift */ = {isa = PBXFileReference; lastKnownFileType = sourcecode.swift; path = MainTabBarController.swift; sourceTree = "<group>"; };
		1FD781E0271ECC7000C7C78C /* PeopleViewController.swift */ = {isa = PBXFileReference; lastKnownFileType = sourcecode.swift; path = PeopleViewController.swift; sourceTree = "<group>"; };
		1FD781E227204D3300C7C78C /* activeChats.json */ = {isa = PBXFileReference; fileEncoding = 4; lastKnownFileType = text.json; path = activeChats.json; sourceTree = "<group>"; };
		1FD781E427204D4900C7C78C /* waitingChats.json */ = {isa = PBXFileReference; fileEncoding = 4; lastKnownFileType = text.json; path = waitingChats.json; sourceTree = "<group>"; };
		1FD781E627204DCE00C7C78C /* Bundle-Decodable.swift */ = {isa = PBXFileReference; lastKnownFileType = sourcecode.swift; path = "Bundle-Decodable.swift"; sourceTree = "<group>"; };
		1FD781E927205C1D00C7C78C /* ActiveChatCell.swift */ = {isa = PBXFileReference; lastKnownFileType = sourcecode.swift; path = ActiveChatCell.swift; sourceTree = "<group>"; };
		1FD781EB2720771200C7C78C /* GradientView.swift */ = {isa = PBXFileReference; lastKnownFileType = sourcecode.swift; path = GradientView.swift; sourceTree = "<group>"; };
		1FD781ED27207BD200C7C78C /* WaitingChatCell.swift */ = {isa = PBXFileReference; lastKnownFileType = sourcecode.swift; path = WaitingChatCell.swift; sourceTree = "<group>"; };
		1FD781F027207E8600C7C78C /* SelfConfiguringCell.swift */ = {isa = PBXFileReference; lastKnownFileType = sourcecode.swift; path = SelfConfiguringCell.swift; sourceTree = "<group>"; };
		1FD781F227209D1F00C7C78C /* SectionHeader.swift */ = {isa = PBXFileReference; lastKnownFileType = sourcecode.swift; path = SectionHeader.swift; sourceTree = "<group>"; };
		1FD781F427217C0700C7C78C /* users.json */ = {isa = PBXFileReference; fileEncoding = 4; lastKnownFileType = text.json; path = users.json; sourceTree = "<group>"; };
		1FD781F927219A9800C7C78C /* MChat.swift */ = {isa = PBXFileReference; lastKnownFileType = sourcecode.swift; path = MChat.swift; sourceTree = "<group>"; };
		1FD781FB27219AD600C7C78C /* MUser.swift */ = {isa = PBXFileReference; lastKnownFileType = sourcecode.swift; path = MUser.swift; sourceTree = "<group>"; };
		1FD781FE2721B65100C7C78C /* UserCell.swift */ = {isa = PBXFileReference; lastKnownFileType = sourcecode.swift; path = UserCell.swift; sourceTree = "<group>"; };
		1FD782002721B99200C7C78C /* UIViewController + Extension.swift */ = {isa = PBXFileReference; lastKnownFileType = sourcecode.swift; path = "UIViewController + Extension.swift"; sourceTree = "<group>"; };
		1FD782022722DE9600C7C78C /* ProfileViewController.swift */ = {isa = PBXFileReference; lastKnownFileType = sourcecode.swift; path = ProfileViewController.swift; sourceTree = "<group>"; };
		1FD782042722E91B00C7C78C /* InsertableTextField.swift */ = {isa = PBXFileReference; lastKnownFileType = sourcecode.swift; path = InsertableTextField.swift; sourceTree = "<group>"; };
		1FD782082722FD9C00C7C78C /* UIView + Extensions.swift */ = {isa = PBXFileReference; lastKnownFileType = sourcecode.swift; path = "UIView + Extensions.swift"; sourceTree = "<group>"; };
		1FD7820A27230E1300C7C78C /* ChatRequestViewController.swift */ = {isa = PBXFileReference; lastKnownFileType = sourcecode.swift; path = ChatRequestViewController.swift; sourceTree = "<group>"; };
		1FD7820C272467DE00C7C78C /* GoogleService-Info.plist */ = {isa = PBXFileReference; fileEncoding = 4; lastKnownFileType = text.plist.xml; path = "GoogleService-Info.plist"; sourceTree = "<group>"; };
		1FFE5DF72726F162009E6C9F /* FireStoreService.swift */ = {isa = PBXFileReference; lastKnownFileType = sourcecode.swift; path = FireStoreService.swift; sourceTree = "<group>"; };
		1FFE5DF92726F46E009E6C9F /* UserError.swift */ = {isa = PBXFileReference; lastKnownFileType = sourcecode.swift; path = UserError.swift; sourceTree = "<group>"; };
		1FFE5DFB272C5C63009E6C9F /* UIApplication + Extension.swift */ = {isa = PBXFileReference; lastKnownFileType = sourcecode.swift; path = "UIApplication + Extension.swift"; sourceTree = "<group>"; };
		1FFE5DFD27303997009E6C9F /* StorageService.swift */ = {isa = PBXFileReference; lastKnownFileType = sourcecode.swift; path = StorageService.swift; sourceTree = "<group>"; };
		1FFE5DFF27303EFF009E6C9F /* UIImage + extrnsion.swift */ = {isa = PBXFileReference; lastKnownFileType = sourcecode.swift; path = "UIImage + extrnsion.swift"; sourceTree = "<group>"; };
		6059CC09C17CDF2F37E48217 /* Pods_driverMessages.framework */ = {isa = PBXFileReference; explicitFileType = wrapper.framework; includeInIndex = 0; path = Pods_driverMessages.framework; sourceTree = BUILT_PRODUCTS_DIR; };
		C5BE0A4ADE946BC713829050 /* Pods-driverMessages.debug.xcconfig */ = {isa = PBXFileReference; includeInIndex = 1; lastKnownFileType = text.xcconfig; name = "Pods-driverMessages.debug.xcconfig"; path = "Target Support Files/Pods-driverMessages/Pods-driverMessages.debug.xcconfig"; sourceTree = "<group>"; };
/* End PBXFileReference section */

/* Begin PBXFrameworksBuildPhase section */
		1FCE958D271823CB00C8EF07 /* Frameworks */ = {
			isa = PBXFrameworksBuildPhase;
			buildActionMask = 2147483647;
			files = (
				8172263035FE2540AC0E3DF8 /* Pods_driverMessages.framework in Frameworks */,
			);
			runOnlyForDeploymentPostprocessing = 0;
		};
/* End PBXFrameworksBuildPhase section */

/* Begin PBXGroup section */
		1F9D57CF2725692B0063B557 /* Services */ = {
			isa = PBXGroup;
			children = (
				1FD781FD27219BC700C7C78C /* Models */,
				1F9D57D0272569780063B557 /* AuthService.swift */,
				1FFE5DF72726F162009E6C9F /* FireStoreService.swift */,
				1FFE5DFD27303997009E6C9F /* StorageService.swift */,
				1FB504842731399B00716250 /* ListenerService.swift */,
			);
			path = Services;
			sourceTree = "<group>";
		};
		1F9D57D627258DFE0063B557 /* Helpers */ = {
			isa = PBXGroup;
			children = (
				1F9D57D227257A8A0063B557 /* Validators.swift */,
				1F9D57D4272581FE0063B557 /* AuthError.swift */,
				1FFE5DF92726F46E009E6C9F /* UserError.swift */,
			);
			path = Helpers;
			sourceTree = "<group>";
		};
		1F9E2989271C977100EC0AE8 /* SignIn&Auth */ = {
			isa = PBXGroup;
			children = (
				1FCE9597271823CB00C8EF07 /* AuthViewController.swift */,
				1FCE95B82718A9B800C8EF07 /* SignUpViewController.swift */,
				1F0293A22719D69300F739AC /* LoginViewController.swift */,
				1F0293A4271B100F00F739AC /* SetupProfileViewController.swift */,
			);
			path = "SignIn&Auth";
			sourceTree = "<group>";
		};
		1FCE9587271823CB00C8EF07 = {
			isa = PBXGroup;
			children = (
				1FCE9592271823CB00C8EF07 /* driverMessages */,
				1FCE9591271823CB00C8EF07 /* Products */,
				BB5851264FAB80BEA0D9CD14 /* Pods */,
				F8344837A5FA305BDCFC0395 /* Frameworks */,
			);
			sourceTree = "<group>";
		};
		1FCE9591271823CB00C8EF07 /* Products */ = {
			isa = PBXGroup;
			children = (
				1FCE9590271823CB00C8EF07 /* driverMessages.app */,
			);
			name = Products;
			sourceTree = "<group>";
		};
		1FCE9592271823CB00C8EF07 /* driverMessages */ = {
			isa = PBXGroup;
			children = (
				1FCE9593271823CB00C8EF07 /* AppDelegate.swift */,
				1FCE9595271823CB00C8EF07 /* SceneDelegate.swift */,
				1F9D57CF2725692B0063B557 /* Services */,
				1F9E2989271C977100EC0AE8 /* SignIn&Auth */,
				1FD781DD271ECAE800C7C78C /* Controllers */,
				1FCE95B3271864EA00C8EF07 /* Extensions */,
				1FD781EF27207DC000C7C78C /* Protocols */,
				1F9D57D627258DFE0063B557 /* Helpers */,
				1FCE959C271823D000C8EF07 /* Assets.xcassets */,
				1FCE959E271823D000C8EF07 /* LaunchScreen.storyboard */,
				1FCE95A1271823D000C8EF07 /* Info.plist */,
				1FD7820C272467DE00C7C78C /* GoogleService-Info.plist */,
			);
			path = driverMessages;
			sourceTree = "<group>";
		};
		1FCE95B2271864D800C8EF07 /* UIKit */ = {
			isa = PBXGroup;
			children = (
				1FD782002721B99200C7C78C /* UIViewController + Extension.swift */,
				1FFE5DFB272C5C63009E6C9F /* UIApplication + Extension.swift */,
				1FCE95A72718525200C8EF07 /* UIButton + Extention.swift */,
				1FCE95A92718571600C8EF07 /* UIFont + extension.swift */,
				1FCE95AB271858CE00C8EF07 /* UIColor + Extension.swift */,
				1FCE95AD27185C4100C8EF07 /* UILabel + Extension.swift */,
				1FCE95B027185E9D00C8EF07 /* UIImageView + Extension.swift */,
				1FCE95B6271872D600C8EF07 /* UIStackView + Extension.swift */,
				1FD782082722FD9C00C7C78C /* UIView + Extensions.swift */,
				1F9E2985271B377400EC0AE8 /* UISegmentedControll + Extension.swift */,
				1FD781F427217C0700C7C78C /* users.json */,
				1FD781E227204D3300C7C78C /* activeChats.json */,
				1FD781E427204D4900C7C78C /* waitingChats.json */,
				1FFE5DFF27303EFF009E6C9F /* UIImage + extrnsion.swift */,
			);
			path = UIKit;
			sourceTree = "<group>";
		};
		1FCE95B3271864EA00C8EF07 /* Extensions */ = {
			isa = PBXGroup;
			children = (
				1FCE95B4271869CA00C8EF07 /* ButtonFormView.swift */,
				1FCE95BA2718B2A500C8EF07 /* OneLineTextField.swift */,
				1FD782042722E91B00C7C78C /* InsertableTextField.swift */,
				1F0293A6271B15E500F739AC /* AddPhotoView.swift */,
				1FD781E627204DCE00C7C78C /* Bundle-Decodable.swift */,
				1FD781EB2720771200C7C78C /* GradientView.swift */,
				1FCE95B2271864D800C8EF07 /* UIKit */,
			);
			path = Extensions;
			sourceTree = "<group>";
		};
		1FD781DD271ECAE800C7C78C /* Controllers */ = {
			isa = PBXGroup;
			children = (
				1FD781DE271ECB5800C7C78C /* MainTabBarController.swift */,
				1F9E2987271C8DD900EC0AE8 /* ListViewController.swift */,
				1FD781E0271ECC7000C7C78C /* PeopleViewController.swift */,
				1FD782022722DE9600C7C78C /* ProfileViewController.swift */,
				1FD7820A27230E1300C7C78C /* ChatRequestViewController.swift */,
				1FD781F627217C5100C7C78C /* Header */,
				1FD781E827205BEB00C7C78C /* Cell */,
			);
			path = Controllers;
			sourceTree = "<group>";
		};
		1FD781E827205BEB00C7C78C /* Cell */ = {
			isa = PBXGroup;
			children = (
				1FD781E927205C1D00C7C78C /* ActiveChatCell.swift */,
				1FD781ED27207BD200C7C78C /* WaitingChatCell.swift */,
				1FD781FE2721B65100C7C78C /* UserCell.swift */,
			);
			path = Cell;
			sourceTree = "<group>";
		};
		1FD781EF27207DC000C7C78C /* Protocols */ = {
			isa = PBXGroup;
			children = (
				1FD781F027207E8600C7C78C /* SelfConfiguringCell.swift */,
				1F9D57D72725A0550063B557 /* AuthNavigatingDelegate.swift */,
			);
			path = Protocols;
			sourceTree = "<group>";
		};
		1FD781F627217C5100C7C78C /* Header */ = {
			isa = PBXGroup;
			children = (
				1FD781F227209D1F00C7C78C /* SectionHeader.swift */,
			);
			path = Header;
			sourceTree = "<group>";
		};
		1FD781FD27219BC700C7C78C /* Models */ = {
			isa = PBXGroup;
			children = (
				1FD781F927219A9800C7C78C /* MChat.swift */,
				1FD781FB27219AD600C7C78C /* MUser.swift */,
				1FB5048627318BA400716250 /* MMessage.swift */,
			);
			path = Models;
			sourceTree = "<group>";
		};
		BB5851264FAB80BEA0D9CD14 /* Pods */ = {
			isa = PBXGroup;
			children = (
				C5BE0A4ADE946BC713829050 /* Pods-driverMessages.debug.xcconfig */,
				1F78C912A0EEC4ADE8AF5016 /* Pods-driverMessages.release.xcconfig */,
			);
			path = Pods;
			sourceTree = "<group>";
		};
		F8344837A5FA305BDCFC0395 /* Frameworks */ = {
			isa = PBXGroup;
			children = (
				6059CC09C17CDF2F37E48217 /* Pods_driverMessages.framework */,
			);
			name = Frameworks;
			sourceTree = "<group>";
		};
/* End PBXGroup section */

/* Begin PBXNativeTarget section */
		1FCE958F271823CB00C8EF07 /* driverMessages */ = {
			isa = PBXNativeTarget;
			buildConfigurationList = 1FCE95A4271823D000C8EF07 /* Build configuration list for PBXNativeTarget "driverMessages" */;
			buildPhases = (
				E8CC00208DE0EDF891B13B37 /* [CP] Check Pods Manifest.lock */,
				1FCE958C271823CB00C8EF07 /* Sources */,
				1FCE958D271823CB00C8EF07 /* Frameworks */,
				1FCE958E271823CB00C8EF07 /* Resources */,
				4FA884DBAF1080A822FCE5F1 /* [CP] Embed Pods Frameworks */,
			);
			buildRules = (
			);
			dependencies = (
			);
			name = driverMessages;
			productName = driverMessages;
			productReference = 1FCE9590271823CB00C8EF07 /* driverMessages.app */;
			productType = "com.apple.product-type.application";
		};
/* End PBXNativeTarget section */

/* Begin PBXProject section */
		1FCE9588271823CB00C8EF07 /* Project object */ = {
			isa = PBXProject;
			attributes = {
				LastSwiftUpdateCheck = 1250;
				LastUpgradeCheck = 1250;
				TargetAttributes = {
					1FCE958F271823CB00C8EF07 = {
						CreatedOnToolsVersion = 12.5.1;
					};
				};
			};
			buildConfigurationList = 1FCE958B271823CB00C8EF07 /* Build configuration list for PBXProject "driverMessages" */;
			compatibilityVersion = "Xcode 9.3";
			developmentRegion = en;
			hasScannedForEncodings = 0;
			knownRegions = (
				en,
				Base,
			);
			mainGroup = 1FCE9587271823CB00C8EF07;
			productRefGroup = 1FCE9591271823CB00C8EF07 /* Products */;
			projectDirPath = "";
			projectRoot = "";
			targets = (
				1FCE958F271823CB00C8EF07 /* driverMessages */,
			);
		};
/* End PBXProject section */

/* Begin PBXResourcesBuildPhase section */
		1FCE958E271823CB00C8EF07 /* Resources */ = {
			isa = PBXResourcesBuildPhase;
			buildActionMask = 2147483647;
			files = (
				1FD781F527217C0700C7C78C /* users.json in Resources */,
				1FCE95A0271823D000C8EF07 /* LaunchScreen.storyboard in Resources */,
				1FD7820D272467DE00C7C78C /* GoogleService-Info.plist in Resources */,
				1FD781E327204D3300C7C78C /* activeChats.json in Resources */,
				1FCE959D271823D000C8EF07 /* Assets.xcassets in Resources */,
				1FD781E527204D4900C7C78C /* waitingChats.json in Resources */,
			);
			runOnlyForDeploymentPostprocessing = 0;
		};
/* End PBXResourcesBuildPhase section */

/* Begin PBXShellScriptBuildPhase section */
		4FA884DBAF1080A822FCE5F1 /* [CP] Embed Pods Frameworks */ = {
			isa = PBXShellScriptBuildPhase;
			buildActionMask = 2147483647;
			files = (
			);
			inputFileListPaths = (
				"${PODS_ROOT}/Target Support Files/Pods-driverMessages/Pods-driverMessages-frameworks-${CONFIGURATION}-input-files.xcfilelist",
			);
			name = "[CP] Embed Pods Frameworks";
			outputFileListPaths = (
				"${PODS_ROOT}/Target Support Files/Pods-driverMessages/Pods-driverMessages-frameworks-${CONFIGURATION}-output-files.xcfilelist",
			);
			runOnlyForDeploymentPostprocessing = 0;
			shellPath = /bin/sh;
			shellScript = "\"${PODS_ROOT}/Target Support Files/Pods-driverMessages/Pods-driverMessages-frameworks.sh\"\n";
			showEnvVarsInLog = 0;
		};
		E8CC00208DE0EDF891B13B37 /* [CP] Check Pods Manifest.lock */ = {
			isa = PBXShellScriptBuildPhase;
			buildActionMask = 2147483647;
			files = (
			);
			inputFileListPaths = (
			);
			inputPaths = (
				"${PODS_PODFILE_DIR_PATH}/Podfile.lock",
				"${PODS_ROOT}/Manifest.lock",
			);
			name = "[CP] Check Pods Manifest.lock";
			outputFileListPaths = (
			);
			outputPaths = (
				"$(DERIVED_FILE_DIR)/Pods-driverMessages-checkManifestLockResult.txt",
			);
			runOnlyForDeploymentPostprocessing = 0;
			shellPath = /bin/sh;
			shellScript = "diff \"${PODS_PODFILE_DIR_PATH}/Podfile.lock\" \"${PODS_ROOT}/Manifest.lock\" > /dev/null\nif [ $? != 0 ] ; then\n    # print error to STDERR\n    echo \"error: The sandbox is not in sync with the Podfile.lock. Run 'pod install' or update your CocoaPods installation.\" >&2\n    exit 1\nfi\n# This output is used by Xcode 'outputs' to avoid re-running this script phase.\necho \"SUCCESS\" > \"${SCRIPT_OUTPUT_FILE_0}\"\n";
			showEnvVarsInLog = 0;
		};
/* End PBXShellScriptBuildPhase section */

/* Begin PBXSourcesBuildPhase section */
		1FCE958C271823CB00C8EF07 /* Sources */ = {
			isa = PBXSourcesBuildPhase;
			buildActionMask = 2147483647;
			files = (
				1FD781DF271ECB5800C7C78C /* MainTabBarController.swift in Sources */,
				1F9E2988271C8DD900EC0AE8 /* ListViewController.swift in Sources */,
				1FD781F327209D1F00C7C78C /* SectionHeader.swift in Sources */,
				1FD781EC2720771200C7C78C /* GradientView.swift in Sources */,
				1FFE5DFC272C5C63009E6C9F /* UIApplication + Extension.swift in Sources */,
				1FCE95BB2718B2A500C8EF07 /* OneLineTextField.swift in Sources */,
				1FCE95B92718A9B800C8EF07 /* SignUpViewController.swift in Sources */,
				1F9D57D5272581FE0063B557 /* AuthError.swift in Sources */,
				1FD781EA27205C1D00C7C78C /* ActiveChatCell.swift in Sources */,
				1FCE95A82718525200C8EF07 /* UIButton + Extention.swift in Sources */,
				1F9D57D327257A8A0063B557 /* Validators.swift in Sources */,
				1FD782092722FD9C00C7C78C /* UIView + Extensions.swift in Sources */,
				1FD781FF2721B65100C7C78C /* UserCell.swift in Sources */,
				1FD781E1271ECC7000C7C78C /* PeopleViewController.swift in Sources */,
				1FD782052722E91B00C7C78C /* InsertableTextField.swift in Sources */,
				1FCE95AA2718571600C8EF07 /* UIFont + extension.swift in Sources */,
				1FD781E727204DCE00C7C78C /* Bundle-Decodable.swift in Sources */,
				1FD782032722DE9600C7C78C /* ProfileViewController.swift in Sources */,
				1FFE5E0027303EFF009E6C9F /* UIImage + extrnsion.swift in Sources */,
				1FD7820B27230E1300C7C78C /* ChatRequestViewController.swift in Sources */,
				1F0293A5271B100F00F739AC /* SetupProfileViewController.swift in Sources */,
				1FB504852731399B00716250 /* ListenerService.swift in Sources */,
				1FCE9598271823CB00C8EF07 /* AuthViewController.swift in Sources */,
				1FD781FC27219AD600C7C78C /* MUser.swift in Sources */,
				1FCE95B7271872D600C8EF07 /* UIStackView + Extension.swift in Sources */,
				1F0293A7271B15E500F739AC /* AddPhotoView.swift in Sources */,
				1FFE5DFA2726F46E009E6C9F /* UserError.swift in Sources */,
				1FCE95B5271869CA00C8EF07 /* ButtonFormView.swift in Sources */,
				1FCE95AE27185C4100C8EF07 /* UILabel + Extension.swift in Sources */,
				1FFE5DF82726F162009E6C9F /* FireStoreService.swift in Sources */,
				1FFE5DFE27303997009E6C9F /* StorageService.swift in Sources */,
				1FCE95B127185E9D00C8EF07 /* UIImageView + Extension.swift in Sources */,
				1FD781F127207E8600C7C78C /* SelfConfiguringCell.swift in Sources */,
				1F9D57D82725A0550063B557 /* AuthNavigatingDelegate.swift in Sources */,
				1FD782012721B99200C7C78C /* UIViewController + Extension.swift in Sources */,
				1FD781EE27207BD200C7C78C /* WaitingChatCell.swift in Sources */,
				1FCE95AC271858CE00C8EF07 /* UIColor + Extension.swift in Sources */,
				1FCE9594271823CB00C8EF07 /* AppDelegate.swift in Sources */,
				1F0293A32719D69300F739AC /* LoginViewController.swift in Sources */,
				1FB5048727318BA400716250 /* MMessage.swift in Sources */,
				1FD781FA27219A9800C7C78C /* MChat.swift in Sources */,
				1F9D57D1272569780063B557 /* AuthService.swift in Sources */,
				1FCE9596271823CB00C8EF07 /* SceneDelegate.swift in Sources */,
				1F9E2986271B377400EC0AE8 /* UISegmentedControll + Extension.swift in Sources */,
			);
			runOnlyForDeploymentPostprocessing = 0;
		};
/* End PBXSourcesBuildPhase section */

/* Begin PBXVariantGroup section */
		1FCE959E271823D000C8EF07 /* LaunchScreen.storyboard */ = {
			isa = PBXVariantGroup;
			children = (
				1FCE959F271823D000C8EF07 /* Base */,
			);
			name = LaunchScreen.storyboard;
			sourceTree = "<group>";
		};
/* End PBXVariantGroup section */

/* Begin XCBuildConfiguration section */
		1FCE95A2271823D000C8EF07 /* Debug */ = {
			isa = XCBuildConfiguration;
			buildSettings = {
				ALWAYS_SEARCH_USER_PATHS = NO;
				CLANG_ANALYZER_NONNULL = YES;
				CLANG_ANALYZER_NUMBER_OBJECT_CONVERSION = YES_AGGRESSIVE;
				CLANG_CXX_LANGUAGE_STANDARD = "gnu++14";
				CLANG_CXX_LIBRARY = "libc++";
				CLANG_ENABLE_MODULES = YES;
				CLANG_ENABLE_OBJC_ARC = YES;
				CLANG_ENABLE_OBJC_WEAK = YES;
				CLANG_WARN_BLOCK_CAPTURE_AUTORELEASING = YES;
				CLANG_WARN_BOOL_CONVERSION = YES;
				CLANG_WARN_COMMA = YES;
				CLANG_WARN_CONSTANT_CONVERSION = YES;
				CLANG_WARN_DEPRECATED_OBJC_IMPLEMENTATIONS = YES;
				CLANG_WARN_DIRECT_OBJC_ISA_USAGE = YES_ERROR;
				CLANG_WARN_DOCUMENTATION_COMMENTS = YES;
				CLANG_WARN_EMPTY_BODY = YES;
				CLANG_WARN_ENUM_CONVERSION = YES;
				CLANG_WARN_INFINITE_RECURSION = YES;
				CLANG_WARN_INT_CONVERSION = YES;
				CLANG_WARN_NON_LITERAL_NULL_CONVERSION = YES;
				CLANG_WARN_OBJC_IMPLICIT_RETAIN_SELF = YES;
				CLANG_WARN_OBJC_LITERAL_CONVERSION = YES;
				CLANG_WARN_OBJC_ROOT_CLASS = YES_ERROR;
				CLANG_WARN_QUOTED_INCLUDE_IN_FRAMEWORK_HEADER = YES;
				CLANG_WARN_RANGE_LOOP_ANALYSIS = YES;
				CLANG_WARN_STRICT_PROTOTYPES = YES;
				CLANG_WARN_SUSPICIOUS_MOVE = YES;
				CLANG_WARN_UNGUARDED_AVAILABILITY = YES_AGGRESSIVE;
				CLANG_WARN_UNREACHABLE_CODE = YES;
				CLANG_WARN__DUPLICATE_METHOD_MATCH = YES;
				COPY_PHASE_STRIP = NO;
				DEBUG_INFORMATION_FORMAT = dwarf;
				ENABLE_STRICT_OBJC_MSGSEND = YES;
				ENABLE_TESTABILITY = YES;
				GCC_C_LANGUAGE_STANDARD = gnu11;
				GCC_DYNAMIC_NO_PIC = NO;
				GCC_NO_COMMON_BLOCKS = YES;
				GCC_OPTIMIZATION_LEVEL = 0;
				GCC_PREPROCESSOR_DEFINITIONS = (
					"DEBUG=1",
					"$(inherited)",
				);
				GCC_WARN_64_TO_32_BIT_CONVERSION = YES;
				GCC_WARN_ABOUT_RETURN_TYPE = YES_ERROR;
				GCC_WARN_UNDECLARED_SELECTOR = YES;
				GCC_WARN_UNINITIALIZED_AUTOS = YES_AGGRESSIVE;
				GCC_WARN_UNUSED_FUNCTION = YES;
				GCC_WARN_UNUSED_VARIABLE = YES;
				IPHONEOS_DEPLOYMENT_TARGET = 13.0;
				MTL_ENABLE_DEBUG_INFO = INCLUDE_SOURCE;
				MTL_FAST_MATH = YES;
				ONLY_ACTIVE_ARCH = YES;
				SDKROOT = iphoneos;
				SWIFT_ACTIVE_COMPILATION_CONDITIONS = DEBUG;
				SWIFT_OPTIMIZATION_LEVEL = "-Onone";
			};
			name = Debug;
		};
		1FCE95A3271823D000C8EF07 /* Release */ = {
			isa = XCBuildConfiguration;
			buildSettings = {
				ALWAYS_SEARCH_USER_PATHS = NO;
				CLANG_ANALYZER_NONNULL = YES;
				CLANG_ANALYZER_NUMBER_OBJECT_CONVERSION = YES_AGGRESSIVE;
				CLANG_CXX_LANGUAGE_STANDARD = "gnu++14";
				CLANG_CXX_LIBRARY = "libc++";
				CLANG_ENABLE_MODULES = YES;
				CLANG_ENABLE_OBJC_ARC = YES;
				CLANG_ENABLE_OBJC_WEAK = YES;
				CLANG_WARN_BLOCK_CAPTURE_AUTORELEASING = YES;
				CLANG_WARN_BOOL_CONVERSION = YES;
				CLANG_WARN_COMMA = YES;
				CLANG_WARN_CONSTANT_CONVERSION = YES;
				CLANG_WARN_DEPRECATED_OBJC_IMPLEMENTATIONS = YES;
				CLANG_WARN_DIRECT_OBJC_ISA_USAGE = YES_ERROR;
				CLANG_WARN_DOCUMENTATION_COMMENTS = YES;
				CLANG_WARN_EMPTY_BODY = YES;
				CLANG_WARN_ENUM_CONVERSION = YES;
				CLANG_WARN_INFINITE_RECURSION = YES;
				CLANG_WARN_INT_CONVERSION = YES;
				CLANG_WARN_NON_LITERAL_NULL_CONVERSION = YES;
				CLANG_WARN_OBJC_IMPLICIT_RETAIN_SELF = YES;
				CLANG_WARN_OBJC_LITERAL_CONVERSION = YES;
				CLANG_WARN_OBJC_ROOT_CLASS = YES_ERROR;
				CLANG_WARN_QUOTED_INCLUDE_IN_FRAMEWORK_HEADER = YES;
				CLANG_WARN_RANGE_LOOP_ANALYSIS = YES;
				CLANG_WARN_STRICT_PROTOTYPES = YES;
				CLANG_WARN_SUSPICIOUS_MOVE = YES;
				CLANG_WARN_UNGUARDED_AVAILABILITY = YES_AGGRESSIVE;
				CLANG_WARN_UNREACHABLE_CODE = YES;
				CLANG_WARN__DUPLICATE_METHOD_MATCH = YES;
				COPY_PHASE_STRIP = NO;
				DEBUG_INFORMATION_FORMAT = "dwarf-with-dsym";
				ENABLE_NS_ASSERTIONS = NO;
				ENABLE_STRICT_OBJC_MSGSEND = YES;
				GCC_C_LANGUAGE_STANDARD = gnu11;
				GCC_NO_COMMON_BLOCKS = YES;
				GCC_WARN_64_TO_32_BIT_CONVERSION = YES;
				GCC_WARN_ABOUT_RETURN_TYPE = YES_ERROR;
				GCC_WARN_UNDECLARED_SELECTOR = YES;
				GCC_WARN_UNINITIALIZED_AUTOS = YES_AGGRESSIVE;
				GCC_WARN_UNUSED_FUNCTION = YES;
				GCC_WARN_UNUSED_VARIABLE = YES;
				IPHONEOS_DEPLOYMENT_TARGET = 13.0;
				MTL_ENABLE_DEBUG_INFO = NO;
				MTL_FAST_MATH = YES;
				SDKROOT = iphoneos;
				SWIFT_COMPILATION_MODE = wholemodule;
				SWIFT_OPTIMIZATION_LEVEL = "-O";
				VALIDATE_PRODUCT = YES;
			};
			name = Release;
		};
		1FCE95A5271823D000C8EF07 /* Debug */ = {
			isa = XCBuildConfiguration;
			baseConfigurationReference = C5BE0A4ADE946BC713829050 /* Pods-driverMessages.debug.xcconfig */;
			buildSettings = {
				ASSETCATALOG_COMPILER_APPICON_NAME = AppIcon;
				ASSETCATALOG_COMPILER_GLOBAL_ACCENT_COLOR_NAME = AccentColor;
				CODE_SIGN_STYLE = Automatic;
				DEVELOPMENT_TEAM = 4V2Z42C6DZ;
				INFOPLIST_FILE = driverMessages/Info.plist;
				IPHONEOS_DEPLOYMENT_TARGET = 13.0;
				LD_RUNPATH_SEARCH_PATHS = (
					"$(inherited)",
					"@executable_path/Frameworks",
				);
				PRODUCT_BUNDLE_IDENTIFIER = Diumin.driverMessages;
				PRODUCT_NAME = "$(TARGET_NAME)";
				SWIFT_VERSION = 5.0;
				TARGETED_DEVICE_FAMILY = "1,2";
			};
			name = Debug;
		};
		1FCE95A6271823D000C8EF07 /* Release */ = {
			isa = XCBuildConfiguration;
			baseConfigurationReference = 1F78C912A0EEC4ADE8AF5016 /* Pods-driverMessages.release.xcconfig */;
			buildSettings = {
				ASSETCATALOG_COMPILER_APPICON_NAME = AppIcon;
				ASSETCATALOG_COMPILER_GLOBAL_ACCENT_COLOR_NAME = AccentColor;
				CODE_SIGN_STYLE = Automatic;
				DEVELOPMENT_TEAM = 4V2Z42C6DZ;
				INFOPLIST_FILE = driverMessages/Info.plist;
				IPHONEOS_DEPLOYMENT_TARGET = 13.0;
				LD_RUNPATH_SEARCH_PATHS = (
					"$(inherited)",
					"@executable_path/Frameworks",
				);
				PRODUCT_BUNDLE_IDENTIFIER = Diumin.driverMessages;
				PRODUCT_NAME = "$(TARGET_NAME)";
				SWIFT_VERSION = 5.0;
				TARGETED_DEVICE_FAMILY = "1,2";
			};
			name = Release;
		};
/* End XCBuildConfiguration section */

/* Begin XCConfigurationList section */
		1FCE958B271823CB00C8EF07 /* Build configuration list for PBXProject "driverMessages" */ = {
			isa = XCConfigurationList;
			buildConfigurations = (
				1FCE95A2271823D000C8EF07 /* Debug */,
				1FCE95A3271823D000C8EF07 /* Release */,
			);
			defaultConfigurationIsVisible = 0;
			defaultConfigurationName = Release;
		};
		1FCE95A4271823D000C8EF07 /* Build configuration list for PBXNativeTarget "driverMessages" */ = {
			isa = XCConfigurationList;
			buildConfigurations = (
				1FCE95A5271823D000C8EF07 /* Debug */,
				1FCE95A6271823D000C8EF07 /* Release */,
			);
			defaultConfigurationIsVisible = 0;
			defaultConfigurationName = Release;
		};
/* End XCConfigurationList section */
	};
	rootObject = 1FCE9588271823CB00C8EF07 /* Project object */;
}
